
Microsoft Visual Studio Solution File, Format Version 12.00
# Visual Studio Version 17
VisualStudioVersion = 17.7.34031.279
MinimumVisualStudioVersion = 10.0.40219.1
Project("{FAE04EC0-301F-11D3-BF4B-00C04F79EFBC}") = "KULbot", "KULbot.csproj", "{21AD063D-BA47-4A70-8DDB-3F5A95757803}"
EndProject
Global
	GlobalSection(SolutionConfigurationPlatforms) = preSolution
		Debug|Any CPU = Debug|Any CPU
		Release|Any CPU = Release|Any CPU
	EndGlobalSection
	GlobalSection(ProjectConfigurationPlatforms) = postSolution
		{21AD063D-BA47-4A70-8DDB-3F5A95757803}.Debug|Any CPU.ActiveCfg = Debug|Any CPU
		{21AD063D-BA47-4A70-8DDB-3F5A95757803}.Debug|Any CPU.Build.0 = Debug|Any CPU
		{21AD063D-BA47-4A70-8DDB-3F5A95757803}.Release|Any CPU.ActiveCfg = Release|Any CPU
		{21AD063D-BA47-4A70-8DDB-3F5A95757803}.Release|Any CPU.Build.0 = Release|Any CPU
	EndGlobalSection
	GlobalSection(SolutionProperties) = preSolution
		HideSolutionNode = FALSE
	EndGlobalSection
	GlobalSection(ExtensibilityGlobals) = postSolution
		SolutionGuid = {4B3DD7B5-E6DA-4235-AB14-B222B51C443C}
	EndGlobalSection
EndGlobal
